
Microsoft Visual Studio Solution File, Format Version 11.00
# Visual Studio 2010
Project("{FAE04EC0-301F-11D3-BF4B-00C04F79EFBC}") = "MyMusicStore", "MyMusicStore\MyMusicStore.csproj", "{1023FF81-E439-46B4-B639-B8A8D0D4EA02}"
EndProject
Global
	GlobalSection(SolutionConfigurationPlatforms) = preSolution
		Debug|Any CPU = Debug|Any CPU
		Release|Any CPU = Release|Any CPU
	EndGlobalSection
	GlobalSection(ProjectConfigurationPlatforms) = postSolution
		{1023FF81-E439-46B4-B639-B8A8D0D4EA02}.Debug|Any CPU.ActiveCfg = Debug|Any CPU
		{1023FF81-E439-46B4-B639-B8A8D0D4EA02}.Debug|Any CPU.Build.0 = Debug|Any CPU
		{1023FF81-E439-46B4-B639-B8A8D0D4EA02}.Release|Any CPU.ActiveCfg = Release|Any CPU
		{1023FF81-E439-46B4-B639-B8A8D0D4EA02}.Release|Any CPU.Build.0 = Release|Any CPU
	EndGlobalSection
	GlobalSection(SolutionProperties) = preSolution
		HideSolutionNode = FALSE
	EndGlobalSection
EndGlobal
